
Microsoft Visual Studio Solution File, Format Version 12.00
# Visual Studio 15
VisualStudioVersion = 15.0.27428.2002
MinimumVisualStudioVersion = 10.0.40219.1
Project("{FAE04EC0-301F-11D3-BF4B-00C04F79EFBC}") = "OddNumbersThreading", "Week7\OddNumbersThreading.csproj", "{3B5F963E-D0E9-4683-AAC5-FFBA53C24844}"
EndProject
Project("{FAE04EC0-301F-11D3-BF4B-00C04F79EFBC}") = "ProducerConsumer", "ProducerConsumer\ProducerConsumer.csproj", "{C14AAEE7-6FDB-4CFB-8BC3-6DE68AE7F0AF}"
EndProject
Global
	GlobalSection(SolutionConfigurationPlatforms) = preSolution
		Debug|Any CPU = Debug|Any CPU
		Release|Any CPU = Release|Any CPU
	EndGlobalSection
	GlobalSection(ProjectConfigurationPlatforms) = postSolution
		{3B5F963E-D0E9-4683-AAC5-FFBA53C24844}.Debug|Any CPU.ActiveCfg = Debug|Any CPU
		{3B5F963E-D0E9-4683-AAC5-FFBA53C24844}.Debug|Any CPU.Build.0 = Debug|Any CPU
		{3B5F963E-D0E9-4683-AAC5-FFBA53C24844}.Release|Any CPU.ActiveCfg = Release|Any CPU
		{3B5F963E-D0E9-4683-AAC5-FFBA53C24844}.Release|Any CPU.Build.0 = Release|Any CPU
		{C14AAEE7-6FDB-4CFB-8BC3-6DE68AE7F0AF}.Debug|Any CPU.ActiveCfg = Debug|Any CPU
		{C14AAEE7-6FDB-4CFB-8BC3-6DE68AE7F0AF}.Debug|Any CPU.Build.0 = Debug|Any CPU
		{C14AAEE7-6FDB-4CFB-8BC3-6DE68AE7F0AF}.Release|Any CPU.ActiveCfg = Release|Any CPU
		{C14AAEE7-6FDB-4CFB-8BC3-6DE68AE7F0AF}.Release|Any CPU.Build.0 = Release|Any CPU
	EndGlobalSection
	GlobalSection(SolutionProperties) = preSolution
		HideSolutionNode = FALSE
	EndGlobalSection
	GlobalSection(ExtensibilityGlobals) = postSolution
		SolutionGuid = {E27E57D0-8906-4F19-973D-6835EE1521DB}
	EndGlobalSection
EndGlobal
