
Microsoft Visual Studio Solution File, Format Version 12.00
# Visual Studio 15
VisualStudioVersion = 15.0.27428.2002
MinimumVisualStudioVersion = 10.0.40219.1
Project("{FAE04EC0-301F-11D3-BF4B-00C04F79EFBC}") = "HotelReservation", "HotelReservation\HotelReservation.csproj", "{30E2FCD5-5DD7-4A3D-A48B-9B32A09BECBD}"
EndProject
Global
	GlobalSection(SolutionConfigurationPlatforms) = preSolution
		Debug|Any CPU = Debug|Any CPU
		Release|Any CPU = Release|Any CPU
	EndGlobalSection
	GlobalSection(ProjectConfigurationPlatforms) = postSolution
		{30E2FCD5-5DD7-4A3D-A48B-9B32A09BECBD}.Debug|Any CPU.ActiveCfg = Debug|Any CPU
		{30E2FCD5-5DD7-4A3D-A48B-9B32A09BECBD}.Debug|Any CPU.Build.0 = Debug|Any CPU
		{30E2FCD5-5DD7-4A3D-A48B-9B32A09BECBD}.Release|Any CPU.ActiveCfg = Release|Any CPU
		{30E2FCD5-5DD7-4A3D-A48B-9B32A09BECBD}.Release|Any CPU.Build.0 = Release|Any CPU
	EndGlobalSection
	GlobalSection(SolutionProperties) = preSolution
		HideSolutionNode = FALSE
	EndGlobalSection
	GlobalSection(ExtensibilityGlobals) = postSolution
		SolutionGuid = {AD890EC6-3C51-408C-BF81-FDB94DEFE1B1}
	EndGlobalSection
EndGlobal
